
Microsoft Visual Studio Solution File, Format Version 12.00
# Visual Studio Version 17
VisualStudioVersion = 17.7.34031.279
MinimumVisualStudioVersion = 10.0.40219.1
Project("{FAE04EC0-301F-11D3-BF4B-00C04F79EFBC}") = "LibTest", "LibTest\LibTest.csproj", "{DC3A981E-D04A-4BCC-AAB6-93C6536CB3EC}"
EndProject
Project("{FAE04EC0-301F-11D3-BF4B-00C04F79EFBC}") = "MyMath.Text", "MyMath.Text\MyMath.Text.csproj", "{8EB8D7EB-CD14-4ADC-A7E5-34567CD5F707}"
EndProject
Global
	GlobalSection(SolutionConfigurationPlatforms) = preSolution
		Debug|Any CPU = Debug|Any CPU
		Release|Any CPU = Release|Any CPU
	EndGlobalSection
	GlobalSection(ProjectConfigurationPlatforms) = postSolution
		{DC3A981E-D04A-4BCC-AAB6-93C6536CB3EC}.Debug|Any CPU.ActiveCfg = Debug|Any CPU
		{DC3A981E-D04A-4BCC-AAB6-93C6536CB3EC}.Debug|Any CPU.Build.0 = Debug|Any CPU
		{DC3A981E-D04A-4BCC-AAB6-93C6536CB3EC}.Release|Any CPU.ActiveCfg = Release|Any CPU
		{DC3A981E-D04A-4BCC-AAB6-93C6536CB3EC}.Release|Any CPU.Build.0 = Release|Any CPU
		{8EB8D7EB-CD14-4ADC-A7E5-34567CD5F707}.Debug|Any CPU.ActiveCfg = Debug|Any CPU
		{8EB8D7EB-CD14-4ADC-A7E5-34567CD5F707}.Debug|Any CPU.Build.0 = Debug|Any CPU
		{8EB8D7EB-CD14-4ADC-A7E5-34567CD5F707}.Release|Any CPU.ActiveCfg = Release|Any CPU
		{8EB8D7EB-CD14-4ADC-A7E5-34567CD5F707}.Release|Any CPU.Build.0 = Release|Any CPU
	EndGlobalSection
	GlobalSection(SolutionProperties) = preSolution
		HideSolutionNode = FALSE
	EndGlobalSection
	GlobalSection(ExtensibilityGlobals) = postSolution
		SolutionGuid = {FAA57E1C-353D-4AA8-8B43-B2A089CABC3D}
	EndGlobalSection
EndGlobal
